{
  "name": "NextJSPortfolio_v2",
  "lockfileVersion": 3,
  "requires": true,
  "packages": {
    "": {
      "dependencies": {
        "clsx": "^2.1.1",
        "framer-motion": "^11.2.11",
        "react-element-to-jsx-string": "^15.0.0",
        "tailwind-merge": "^2.3.0"
      }
    },
    "node_modules/@babel/runtime": {
      "version": "7.24.7",
      "resolved": "https://registry.npmjs.org/@babel/runtime/-/runtime-7.24.7.tgz",
      "integrity": "sha512-UwgBRMjJP+xv857DCngvqXI3Iq6J4v0wXmwc6sapg+zyhbwmQX67LUEFrkK5tbyJ30jGuG3ZvWpBiB9LCy1kWw==",
      "dependencies": {
        "regenerator-runtime": "^0.14.0"
      },
      "engines": {
        "node": ">=6.9.0"
      }
    },
    "node_modules/@base2/pretty-print-object": {
      "version": "1.0.1",
      "resolved": "https://registry.npmjs.org/@base2/pretty-print-object/-/pretty-print-object-1.0.1.tgz",
      "integrity": "sha512-4iri8i1AqYHJE2DstZYkyEprg6Pq6sKx3xn5FpySk9sNhH7qN2LLlHJCfDTZRILNwQNPD7mATWM0TBui7uC1pA=="
    },
    "node_modules/clsx": {
      "version": "2.1.1",
      "resolved": "https://registry.npmjs.org/clsx/-/clsx-2.1.1.tgz",
      "integrity": "sha512-eYm0QWBtUrBWZWG0d386OGAw16Z995PiOVo2B7bjWSbHedGl5e0ZWaq65kOGgUSNesEIDkB9ISbTg/JK9dhCZA==",
      "engines": {
        "node": ">=6"
      }
    },
    "node_modules/framer-motion": {
      "version": "11.2.11",
      "resolved": "https://registry.npmjs.org/framer-motion/-/framer-motion-11.2.11.tgz",
      "integrity": "sha512-n+ozoEzgJu/2h9NoQMokF+CwNqIRVyuRC4RwMPwklfrrTjbVV32k9uBIgqYAwn7Jfpt5LuDVCtT57MWz1FbaLw==",
      "dependencies": {
        "tslib": "^2.4.0"
      },
      "peerDependencies": {
        "@emotion/is-prop-valid": "*",
        "react": "^18.0.0",
        "react-dom": "^18.0.0"
      },
      "peerDependenciesMeta": {
        "@emotion/is-prop-valid": {
          "optional": true
        },
        "react": {
          "optional": true
        },
        "react-dom": {
          "optional": true
        }
      }
    },
    "node_modules/is-plain-object": {
      "version": "5.0.0",
      "resolved": "https://registry.npmjs.org/is-plain-object/-/is-plain-object-5.0.0.tgz",
      "integrity": "sha512-VRSzKkbMm5jMDoKLbltAkFQ5Qr7VDiTFGXxYFXXowVj387GeGNOCsOH6Msy00SGZ3Fp84b1Naa1psqgcCIEP5Q==",
      "engines": {
        "node": ">=0.10.0"
      }
    },
    "node_modules/js-tokens": {
      "version": "4.0.0",
      "resolved": "https://registry.npmjs.org/js-tokens/-/js-tokens-4.0.0.tgz",
      "integrity": "sha512-RdJUflcE3cUzKiMqQgsCu06FPu9UdIJO0beYbPhHN4k6apgJtifcoCtT9bcxOpYBtpD2kCM6Sbzg4CausW/PKQ==",
      "peer": true
    },
    "node_modules/loose-envify": {
      "version": "1.4.0",
      "resolved": "https://registry.npmjs.org/loose-envify/-/loose-envify-1.4.0.tgz",
      "integrity": "sha512-lyuxPGr/Wfhrlem2CL/UcnUc1zcqKAImBDzukY7Y5F/yQiNdko6+fRLevlw1HgMySw7f611UIY408EtxRSoK3Q==",
      "peer": true,
      "dependencies": {
        "js-tokens": "^3.0.0 || ^4.0.0"
      },
      "bin": {
        "loose-envify": "cli.js"
      }
    },
    "node_modules/react": {
      "version": "18.3.1",
      "resolved": "https://registry.npmjs.org/react/-/react-18.3.1.tgz",
      "integrity": "sha512-wS+hAgJShR0KhEvPJArfuPVN1+Hz1t0Y6n5jLrGQbkb4urgPE/0Rve+1kMB1v/oWgHgm4WIcV+i7F2pTVj+2iQ==",
      "peer": true,
      "dependencies": {
        "loose-envify": "^1.1.0"
      },
      "engines": {
        "node": ">=0.10.0"
      }
    },
    "node_modules/react-dom": {
      "version": "18.3.1",
      "resolved": "https://registry.npmjs.org/react-dom/-/react-dom-18.3.1.tgz",
      "integrity": "sha512-5m4nQKp+rZRb09LNH59GM4BxTh9251/ylbKIbpe7TpGxfJ+9kv6BLkLBXIjjspbgbnIBNqlI23tRnTWT0snUIw==",
      "peer": true,
      "dependencies": {
        "loose-envify": "^1.1.0",
        "scheduler": "^0.23.2"
      },
      "peerDependencies": {
        "react": "^18.3.1"
      }
    },
    "node_modules/react-element-to-jsx-string": {
      "version": "15.0.0",
      "resolved": "https://registry.npmjs.org/react-element-to-jsx-string/-/react-element-to-jsx-string-15.0.0.tgz",
      "integrity": "sha512-UDg4lXB6BzlobN60P8fHWVPX3Kyw8ORrTeBtClmIlGdkOOE+GYQSFvmEU5iLLpwp/6v42DINwNcwOhOLfQ//FQ==",
      "dependencies": {
        "@base2/pretty-print-object": "1.0.1",
        "is-plain-object": "5.0.0",
        "react-is": "18.1.0"
      },
      "peerDependencies": {
        "react": "^0.14.8 || ^15.0.1 || ^16.0.0 || ^17.0.1 || ^18.0.0",
        "react-dom": "^0.14.8 || ^15.0.1 || ^16.0.0 || ^17.0.1 || ^18.0.0"
      }
    },
    "node_modules/react-is": {
      "version": "18.1.0",
      "resolved": "https://registry.npmjs.org/react-is/-/react-is-18.1.0.tgz",
      "integrity": "sha512-Fl7FuabXsJnV5Q1qIOQwx/sagGF18kogb4gpfcG4gjLBWO0WDiiz1ko/ExayuxE7InyQkBLkxRFG5oxY6Uu3Kg=="
    },
    "node_modules/regenerator-runtime": {
      "version": "0.14.1",
      "resolved": "https://registry.npmjs.org/regenerator-runtime/-/regenerator-runtime-0.14.1.tgz",
      "integrity": "sha512-dYnhHh0nJoMfnkZs6GmmhFknAGRrLznOu5nc9ML+EJxGvrx6H7teuevqVqCuPcPK//3eDrrjQhehXVx9cnkGdw=="
    },
    "node_modules/scheduler": {
      "version": "0.23.2",
      "resolved": "https://registry.npmjs.org/scheduler/-/scheduler-0.23.2.tgz",
      "integrity": "sha512-UOShsPwz7NrMUqhR6t0hWjFduvOzbtv7toDH1/hIrfRNIDBnnBWd0CwJTGvTpngVlmwGCdP9/Zl/tVrDqcuYzQ==",
      "peer": true,
      "dependencies": {
        "loose-envify": "^1.1.0"
      }
    },
    "node_modules/tailwind-merge": {
      "version": "2.3.0",
      "resolved": "https://registry.npmjs.org/tailwind-merge/-/tailwind-merge-2.3.0.tgz",
      "integrity": "sha512-vkYrLpIP+lgR0tQCG6AP7zZXCTLc1Lnv/CCRT3BqJ9CZ3ui2++GPaGb1x/ILsINIMSYqqvrpqjUFsMNLlW99EA==",
      "dependencies": {
        "@babel/runtime": "^7.24.1"
      },
      "funding": {
        "type": "github",
        "url": "https://github.com/sponsors/dcastil"
      }
    },
    "node_modules/tslib": {
      "version": "2.6.3",
      "resolved": "https://registry.npmjs.org/tslib/-/tslib-2.6.3.tgz",
      "integrity": "sha512-xNvxJEOUiWPGhUuUdQgAJPKOOJfGnIyKySOc09XkKsgdUV/3E2zvwZYdejjmRgPCgcym1juLH3226yA7sEFJKQ=="
    }
  }
}
